
Microsoft Visual Studio Solution File, Format Version 11.00
# Visual Studio 2010
Project("{FAE04EC0-301F-11D3-BF4B-00C04F79EFBC}") = "INDI", "INDI.csproj", "{0A0135CD-ABA9-47D6-B963-2B2ECFCDB4E8}"
EndProject
Project("{FAE04EC0-301F-11D3-BF4B-00C04F79EFBC}") = "indiclient", "example\indiclient.csproj", "{54929965-0CB4-449F-9EC5-42099F2CD0D0}"
EndProject
Global
	GlobalSection(SolutionConfigurationPlatforms) = preSolution
		Debug|Any CPU = Debug|Any CPU
		Release|Any CPU = Release|Any CPU
		Debug|x86 = Debug|x86
		Release|x86 = Release|x86
	EndGlobalSection
	GlobalSection(ProjectConfigurationPlatforms) = postSolution
		{0A0135CD-ABA9-47D6-B963-2B2ECFCDB4E8}.Debug|Any CPU.ActiveCfg = Debug|Any CPU
		{0A0135CD-ABA9-47D6-B963-2B2ECFCDB4E8}.Debug|Any CPU.Build.0 = Debug|Any CPU
		{0A0135CD-ABA9-47D6-B963-2B2ECFCDB4E8}.Release|Any CPU.ActiveCfg = Release|Any CPU
		{0A0135CD-ABA9-47D6-B963-2B2ECFCDB4E8}.Release|Any CPU.Build.0 = Release|Any CPU
		{0A0135CD-ABA9-47D6-B963-2B2ECFCDB4E8}.Debug|x86.ActiveCfg = Debug|Any CPU
		{0A0135CD-ABA9-47D6-B963-2B2ECFCDB4E8}.Debug|x86.Build.0 = Debug|Any CPU
		{0A0135CD-ABA9-47D6-B963-2B2ECFCDB4E8}.Release|x86.ActiveCfg = Release|Any CPU
		{0A0135CD-ABA9-47D6-B963-2B2ECFCDB4E8}.Release|x86.Build.0 = Release|Any CPU
		{54929965-0CB4-449F-9EC5-42099F2CD0D0}.Debug|Any CPU.ActiveCfg = Debug|Any CPU
		{54929965-0CB4-449F-9EC5-42099F2CD0D0}.Debug|Any CPU.Build.0 = Debug|Any CPU
		{54929965-0CB4-449F-9EC5-42099F2CD0D0}.Release|Any CPU.ActiveCfg = Release|Any CPU
		{54929965-0CB4-449F-9EC5-42099F2CD0D0}.Release|Any CPU.Build.0 = Release|Any CPU
		{54929965-0CB4-449F-9EC5-42099F2CD0D0}.Debug|x86.ActiveCfg = Debug|Any CPU
		{54929965-0CB4-449F-9EC5-42099F2CD0D0}.Debug|x86.Build.0 = Debug|Any CPU
		{54929965-0CB4-449F-9EC5-42099F2CD0D0}.Release|x86.ActiveCfg = Release|Any CPU
		{54929965-0CB4-449F-9EC5-42099F2CD0D0}.Release|x86.Build.0 = Release|Any CPU
	EndGlobalSection
	GlobalSection(SolutionProperties) = preSolution
		HideSolutionNode = FALSE
	EndGlobalSection
EndGlobal
